
Microsoft Visual Studio Solution File, Format Version 12.00
# Visual Studio 15
VisualStudioVersion = 15.0.28307.421
MinimumVisualStudioVersion = 10.0.40219.1
Project("{FAE04EC0-301F-11D3-BF4B-00C04F79EFBC}") = "LeetCode.Algorithm", "LeetCode.Algorithm\LeetCode.Algorithm.csproj", "{0922FD0C-9157-4882-8CFD-738D914697AB}"
EndProject
Global
	GlobalSection(SolutionConfigurationPlatforms) = preSolution
		Debug|Any CPU = Debug|Any CPU
		Release|Any CPU = Release|Any CPU
	EndGlobalSection
	GlobalSection(ProjectConfigurationPlatforms) = postSolution
		{0922FD0C-9157-4882-8CFD-738D914697AB}.Debug|Any CPU.ActiveCfg = Debug|Any CPU
		{0922FD0C-9157-4882-8CFD-738D914697AB}.Debug|Any CPU.Build.0 = Debug|Any CPU
		{0922FD0C-9157-4882-8CFD-738D914697AB}.Release|Any CPU.ActiveCfg = Release|Any CPU
		{0922FD0C-9157-4882-8CFD-738D914697AB}.Release|Any CPU.Build.0 = Release|Any CPU
	EndGlobalSection
	GlobalSection(SolutionProperties) = preSolution
		HideSolutionNode = FALSE
	EndGlobalSection
	GlobalSection(ExtensibilityGlobals) = postSolution
		SolutionGuid = {4EDCD754-C004-42AB-9F83-C933E4A25372}
	EndGlobalSection
EndGlobal
